
Microsoft Visual Studio Solution File, Format Version 12.00
# Visual Studio Version 17
VisualStudioVersion = 17.4.33205.214
MinimumVisualStudioVersion = 10.0.40219.1
Project("{FAE04EC0-301F-11D3-BF4B-00C04F79EFBC}") = "MeuProjetoV3", "MeuProjetoV3\MeuProjetoV3.csproj", "{609F82AC-9867-4027-BB02-E671C6EC48CF}"
EndProject
Global
	GlobalSection(SolutionConfigurationPlatforms) = preSolution
		Debug|Any CPU = Debug|Any CPU
		Release|Any CPU = Release|Any CPU
	EndGlobalSection
	GlobalSection(ProjectConfigurationPlatforms) = postSolution
		{609F82AC-9867-4027-BB02-E671C6EC48CF}.Debug|Any CPU.ActiveCfg = Debug|Any CPU
		{609F82AC-9867-4027-BB02-E671C6EC48CF}.Debug|Any CPU.Build.0 = Debug|Any CPU
		{609F82AC-9867-4027-BB02-E671C6EC48CF}.Release|Any CPU.ActiveCfg = Release|Any CPU
		{609F82AC-9867-4027-BB02-E671C6EC48CF}.Release|Any CPU.Build.0 = Release|Any CPU
	EndGlobalSection
	GlobalSection(SolutionProperties) = preSolution
		HideSolutionNode = FALSE
	EndGlobalSection
	GlobalSection(ExtensibilityGlobals) = postSolution
		SolutionGuid = {8F7D92F2-36FD-46A6-B301-A0AF1A6B006D}
	EndGlobalSection
EndGlobal
